
Microsoft Visual Studio Solution File, Format Version 12.00
# Visual Studio Version 16
VisualStudioVersion = 16.0.30114.105
MinimumVisualStudioVersion = 10.0.40219.1
Project("{FAE04EC0-301F-11D3-BF4B-00C04F79EFBC}") = "Tests", "Tests\Tests.csproj", "{F68E379C-8A80-4AFA-B6AD-94FC3699F20B}"
EndProject
Project("{FAE04EC0-301F-11D3-BF4B-00C04F79EFBC}") = "Logger", "Logger\Logger.csproj", "{F17E9E89-6302-444B-A3F4-C79D39012808}"
EndProject
Global
	GlobalSection(SolutionConfigurationPlatforms) = preSolution
		Debug|Any CPU = Debug|Any CPU
		Release|Any CPU = Release|Any CPU
	EndGlobalSection
	GlobalSection(ProjectConfigurationPlatforms) = postSolution
		{F68E379C-8A80-4AFA-B6AD-94FC3699F20B}.Debug|Any CPU.ActiveCfg = Debug|Any CPU
		{F68E379C-8A80-4AFA-B6AD-94FC3699F20B}.Debug|Any CPU.Build.0 = Debug|Any CPU
		{F68E379C-8A80-4AFA-B6AD-94FC3699F20B}.Release|Any CPU.ActiveCfg = Release|Any CPU
		{F68E379C-8A80-4AFA-B6AD-94FC3699F20B}.Release|Any CPU.Build.0 = Release|Any CPU
		{F17E9E89-6302-444B-A3F4-C79D39012808}.Debug|Any CPU.ActiveCfg = Debug|Any CPU
		{F17E9E89-6302-444B-A3F4-C79D39012808}.Debug|Any CPU.Build.0 = Debug|Any CPU
		{F17E9E89-6302-444B-A3F4-C79D39012808}.Release|Any CPU.ActiveCfg = Release|Any CPU
		{F17E9E89-6302-444B-A3F4-C79D39012808}.Release|Any CPU.Build.0 = Release|Any CPU
	EndGlobalSection
	GlobalSection(SolutionProperties) = preSolution
		HideSolutionNode = FALSE
	EndGlobalSection
	GlobalSection(ExtensibilityGlobals) = postSolution
		SolutionGuid = {B13EA97D-3220-43F0-AABB-50466B85D35A}
	EndGlobalSection
EndGlobal
